// !$*UTF8*$!
{
	archiveVersion = 1;
	classes = {
	};
	objectVersion = 46;
	objects = {

/* Begin PBXBuildFile section */
		F9E184651901362E00BEC2AC /* Foundation.framework in Frameworks */ = {isa = PBXBuildFile; fileRef = F9E184641901362E00BEC2AC /* Foundation.framework */; };
		F9E184671901362E00BEC2AC /* CoreGraphics.framework in Frameworks */ = {isa = PBXBuildFile; fileRef = F9E184661901362E00BEC2AC /* CoreGraphics.framework */; };
		F9E184691901362E00BEC2AC /* UIKit.framework in Frameworks */ = {isa = PBXBuildFile; fileRef = F9E184681901362E00BEC2AC /* UIKit.framework */; };
		F9E184711901362E00BEC2AC /* main.m in Sources */ = {isa = PBXBuildFile; fileRef = F9E184701901362E00BEC2AC /* main.m */; };
		F9E184781901362E00BEC2AC /* Main.storyboard in Resources */ = {isa = PBXBuildFile; fileRef = F9E184761901362E00BEC2AC /* Main.storyboard */; };
		F9E1847D1901362E00BEC2AC /* Images.xcassets in Resources */ = {isa = PBXBuildFile; fileRef = F9E1847C1901362E00BEC2AC /* Images.xcassets */; };
		F9E184841901362E00BEC2AC /* XCTest.framework in Frameworks */ = {isa = PBXBuildFile; fileRef = F9E184831901362E00BEC2AC /* XCTest.framework */; };
		F9E184851901362E00BEC2AC /* Foundation.framework in Frameworks */ = {isa = PBXBuildFile; fileRef = F9E184641901362E00BEC2AC /* Foundation.framework */; };
		F9E184861901362E00BEC2AC /* UIKit.framework in Frameworks */ = {isa = PBXBuildFile; fileRef = F9E184681901362E00BEC2AC /* UIKit.framework */; };
		F9E1848E1901362E00BEC2AC /* InfoPlist.strings in Resources */ = {isa = PBXBuildFile; fileRef = F9E1848C1901362E00BEC2AC /* InfoPlist.strings */; };
		F9E184901901362E00BEC2AC /* HSDeckManagerTests.m in Sources */ = {isa = PBXBuildFile; fileRef = F9E1848F1901362E00BEC2AC /* HSDeckManagerTests.m */; };
		F9E184A01901369400BEC2AC /* HSAppDelegate.m in Sources */ = {isa = PBXBuildFile; fileRef = F9E1849B1901369400BEC2AC /* HSAppDelegate.m */; };
		F9E184A41901370000BEC2AC /* HSMainViewController.m in Sources */ = {isa = PBXBuildFile; fileRef = F9E184A31901370000BEC2AC /* HSMainViewController.m */; };
		F9E184A81901381200BEC2AC /* HSDeckListViewController.m in Sources */ = {isa = PBXBuildFile; fileRef = F9E184A71901381200BEC2AC /* HSDeckListViewController.m */; };
		F9E184AB19014F7100BEC2AC /* HSHeroSelectionViewController.m in Sources */ = {isa = PBXBuildFile; fileRef = F9E184AA19014F7100BEC2AC /* HSHeroSelectionViewController.m */; };
/* End PBXBuildFile section */

/* Begin PBXContainerItemProxy section */
		F9E184871901362E00BEC2AC /* PBXContainerItemProxy */ = {
			isa = PBXContainerItemProxy;
			containerPortal = F9E184591901362E00BEC2AC /* Project object */;
			proxyType = 1;
			remoteGlobalIDString = F9E184601901362E00BEC2AC;
			remoteInfo = HSDeckManager;
		};
/* End PBXContainerItemProxy section */

/* Begin PBXFileReference section */
		F9E184611901362E00BEC2AC /* HSDeckManager.app */ = {isa = PBXFileReference; explicitFileType = wrapper.application; includeInIndex = 0; path = HSDeckManager.app; sourceTree = BUILT_PRODUCTS_DIR; };
		F9E184641901362E00BEC2AC /* Foundation.framework */ = {isa = PBXFileReference; lastKnownFileType = wrapper.framework; name = Foundation.framework; path = System/Library/Frameworks/Foundation.framework; sourceTree = SDKROOT; };
		F9E184661901362E00BEC2AC /* CoreGraphics.framework */ = {isa = PBXFileReference; lastKnownFileType = wrapper.framework; name = CoreGraphics.framework; path = System/Library/Frameworks/CoreGraphics.framework; sourceTree = SDKROOT; };
		F9E184681901362E00BEC2AC /* UIKit.framework */ = {isa = PBXFileReference; lastKnownFileType = wrapper.framework; name = UIKit.framework; path = System/Library/Frameworks/UIKit.framework; sourceTree = SDKROOT; };
		F9E1846C1901362E00BEC2AC /* HSDeckManager-Info.plist */ = {isa = PBXFileReference; lastKnownFileType = text.plist.xml; path = "HSDeckManager-Info.plist"; sourceTree = "<group>"; };
		F9E184701901362E00BEC2AC /* main.m */ = {isa = PBXFileReference; lastKnownFileType = sourcecode.c.objc; path = main.m; sourceTree = "<group>"; };
		F9E184721901362E00BEC2AC /* HSDeckManager-Prefix.pch */ = {isa = PBXFileReference; lastKnownFileType = sourcecode.c.h; path = "HSDeckManager-Prefix.pch"; sourceTree = "<group>"; };
		F9E184771901362E00BEC2AC /* Base */ = {isa = PBXFileReference; lastKnownFileType = file.storyboard; name = Base; path = Base.lproj/Main.storyboard; sourceTree = "<group>"; };
		F9E1847C1901362E00BEC2AC /* Images.xcassets */ = {isa = PBXFileReference; lastKnownFileType = folder.assetcatalog; path = Images.xcassets; sourceTree = "<group>"; };
		F9E184821901362E00BEC2AC /* HSDeckManagerTests.xctest */ = {isa = PBXFileReference; explicitFileType = wrapper.cfbundle; includeInIndex = 0; path = HSDeckManagerTests.xctest; sourceTree = BUILT_PRODUCTS_DIR; };
		F9E184831901362E00BEC2AC /* XCTest.framework */ = {isa = PBXFileReference; lastKnownFileType = wrapper.framework; name = XCTest.framework; path = Library/Frameworks/XCTest.framework; sourceTree = DEVELOPER_DIR; };
		F9E1848B1901362E00BEC2AC /* HSDeckManagerTests-Info.plist */ = {isa = PBXFileReference; lastKnownFileType = text.plist.xml; path = "HSDeckManagerTests-Info.plist"; sourceTree = "<group>"; };
		F9E1848D1901362E00BEC2AC /* en */ = {isa = PBXFileReference; lastKnownFileType = text.plist.strings; name = en; path = en.lproj/InfoPlist.strings; sourceTree = "<group>"; };
		F9E1848F1901362E00BEC2AC /* HSDeckManagerTests.m */ = {isa = PBXFileReference; lastKnownFileType = sourcecode.c.objc; path = HSDeckManagerTests.m; sourceTree = "<group>"; };
		F9E1849A1901369400BEC2AC /* HSAppDelegate.h */ = {isa = PBXFileReference; fileEncoding = 4; lastKnownFileType = sourcecode.c.h; path = HSAppDelegate.h; sourceTree = "<group>"; };
		F9E1849B1901369400BEC2AC /* HSAppDelegate.m */ = {isa = PBXFileReference; fileEncoding = 4; lastKnownFileType = sourcecode.c.objc; path = HSAppDelegate.m; sourceTree = "<group>"; };
		F9E184A21901370000BEC2AC /* HSMainViewController.h */ = {isa = PBXFileReference; fileEncoding = 4; lastKnownFileType = sourcecode.c.h; path = HSMainViewController.h; sourceTree = "<group>"; };
		F9E184A31901370000BEC2AC /* HSMainViewController.m */ = {isa = PBXFileReference; fileEncoding = 4; lastKnownFileType = sourcecode.c.objc; path = HSMainViewController.m; sourceTree = "<group>"; };
		F9E184A61901381200BEC2AC /* HSDeckListViewController.h */ = {isa = PBXFileReference; fileEncoding = 4; lastKnownFileType = sourcecode.c.h; path = HSDeckListViewController.h; sourceTree = "<group>"; };
		F9E184A71901381200BEC2AC /* HSDeckListViewController.m */ = {isa = PBXFileReference; fileEncoding = 4; lastKnownFileType = sourcecode.c.objc; path = HSDeckListViewController.m; sourceTree = "<group>"; };
		F9E184A919014F7100BEC2AC /* HSHeroSelectionViewController.h */ = {isa = PBXFileReference; fileEncoding = 4; lastKnownFileType = sourcecode.c.h; path = HSHeroSelectionViewController.h; sourceTree = "<group>"; };
		F9E184AA19014F7100BEC2AC /* HSHeroSelectionViewController.m */ = {isa = PBXFileReference; fileEncoding = 4; lastKnownFileType = sourcecode.c.objc; path = HSHeroSelectionViewController.m; sourceTree = "<group>"; };
/* End PBXFileReference section */

/* Begin PBXFrameworksBuildPhase section */
		F9E1845E1901362E00BEC2AC /* Frameworks */ = {
			isa = PBXFrameworksBuildPhase;
			buildActionMask = 2147483647;
			files = (
				F9E184671901362E00BEC2AC /* CoreGraphics.framework in Frameworks */,
				F9E184691901362E00BEC2AC /* UIKit.framework in Frameworks */,
				F9E184651901362E00BEC2AC /* Foundation.framework in Frameworks */,
			);
			runOnlyForDeploymentPostprocessing = 0;
		};
		F9E1847F1901362E00BEC2AC /* Frameworks */ = {
			isa = PBXFrameworksBuildPhase;
			buildActionMask = 2147483647;
			files = (
				F9E184841901362E00BEC2AC /* XCTest.framework in Frameworks */,
				F9E184861901362E00BEC2AC /* UIKit.framework in Frameworks */,
				F9E184851901362E00BEC2AC /* Foundation.framework in Frameworks */,
			);
			runOnlyForDeploymentPostprocessing = 0;
		};
/* End PBXFrameworksBuildPhase section */

/* Begin PBXGroup section */
		F9E184581901362E00BEC2AC = {
			isa = PBXGroup;
			children = (
				F9E1846A1901362E00BEC2AC /* HSDeckManager */,
				F9E184891901362E00BEC2AC /* HSDeckManagerTests */,
				F9E184631901362E00BEC2AC /* Frameworks */,
				F9E184621901362E00BEC2AC /* Products */,
			);
			sourceTree = "<group>";
		};
		F9E184621901362E00BEC2AC /* Products */ = {
			isa = PBXGroup;
			children = (
				F9E184611901362E00BEC2AC /* HSDeckManager.app */,
				F9E184821901362E00BEC2AC /* HSDeckManagerTests.xctest */,
			);
			name = Products;
			sourceTree = "<group>";
		};
		F9E184631901362E00BEC2AC /* Frameworks */ = {
			isa = PBXGroup;
			children = (
				F9E184641901362E00BEC2AC /* Foundation.framework */,
				F9E184661901362E00BEC2AC /* CoreGraphics.framework */,
				F9E184681901362E00BEC2AC /* UIKit.framework */,
				F9E184831901362E00BEC2AC /* XCTest.framework */,
			);
			name = Frameworks;
			sourceTree = "<group>";
		};
		F9E1846A1901362E00BEC2AC /* HSDeckManager */ = {
			isa = PBXGroup;
			children = (
				F9E184991901369400BEC2AC /* Classes */,
				F9E1849E1901369400BEC2AC /* Resources */,
				F9E184761901362E00BEC2AC /* Main.storyboard */,
				F9E1847C1901362E00BEC2AC /* Images.xcassets */,
				F9E1846B1901362E00BEC2AC /* Supporting Files */,
			);
			path = HSDeckManager;
			sourceTree = "<group>";
		};
		F9E1846B1901362E00BEC2AC /* Supporting Files */ = {
			isa = PBXGroup;
			children = (
				F9E1846C1901362E00BEC2AC /* HSDeckManager-Info.plist */,
				F9E184701901362E00BEC2AC /* main.m */,
				F9E184721901362E00BEC2AC /* HSDeckManager-Prefix.pch */,
			);
			name = "Supporting Files";
			sourceTree = "<group>";
		};
		F9E184891901362E00BEC2AC /* HSDeckManagerTests */ = {
			isa = PBXGroup;
			children = (
				F9E1848F1901362E00BEC2AC /* HSDeckManagerTests.m */,
				F9E1848A1901362E00BEC2AC /* Supporting Files */,
			);
			path = HSDeckManagerTests;
			sourceTree = "<group>";
		};
		F9E1848A1901362E00BEC2AC /* Supporting Files */ = {
			isa = PBXGroup;
			children = (
				F9E1848B1901362E00BEC2AC /* HSDeckManagerTests-Info.plist */,
				F9E1848C1901362E00BEC2AC /* InfoPlist.strings */,
			);
			name = "Supporting Files";
			sourceTree = "<group>";
		};
		F9E184991901369400BEC2AC /* Classes */ = {
			isa = PBXGroup;
			children = (
				F9E1849A1901369400BEC2AC /* HSAppDelegate.h */,
				F9E1849B1901369400BEC2AC /* HSAppDelegate.m */,
				F9E184A21901370000BEC2AC /* HSMainViewController.h */,
				F9E184A31901370000BEC2AC /* HSMainViewController.m */,
				F9E184A61901381200BEC2AC /* HSDeckListViewController.h */,
				F9E184A71901381200BEC2AC /* HSDeckListViewController.m */,
				F9E184A919014F7100BEC2AC /* HSHeroSelectionViewController.h */,
				F9E184AA19014F7100BEC2AC /* HSHeroSelectionViewController.m */,
			);
			path = Classes;
			sourceTree = "<group>";
		};
		F9E1849E1901369400BEC2AC /* Resources */ = {
			isa = PBXGroup;
			children = (
				F9E1849F1901369400BEC2AC /* Cards */,
			);
			path = Resources;
			sourceTree = "<group>";
		};
		F9E1849F1901369400BEC2AC /* Cards */ = {
			isa = PBXGroup;
			children = (
			);
			path = Cards;
			sourceTree = "<group>";
		};
/* End PBXGroup section */

/* Begin PBXNativeTarget section */
		F9E184601901362E00BEC2AC /* HSDeckManager */ = {
			isa = PBXNativeTarget;
			buildConfigurationList = F9E184931901362E00BEC2AC /* Build configuration list for PBXNativeTarget "HSDeckManager" */;
			buildPhases = (
				F9E1845D1901362E00BEC2AC /* Sources */,
				F9E1845E1901362E00BEC2AC /* Frameworks */,
				F9E1845F1901362E00BEC2AC /* Resources */,
			);
			buildRules = (
			);
			dependencies = (
			);
			name = HSDeckManager;
			productName = HSDeckManager;
			productReference = F9E184611901362E00BEC2AC /* HSDeckManager.app */;
			productType = "com.apple.product-type.application";
		};
		F9E184811901362E00BEC2AC /* HSDeckManagerTests */ = {
			isa = PBXNativeTarget;
			buildConfigurationList = F9E184961901362F00BEC2AC /* Build configuration list for PBXNativeTarget "HSDeckManagerTests" */;
			buildPhases = (
				F9E1847E1901362E00BEC2AC /* Sources */,
				F9E1847F1901362E00BEC2AC /* Frameworks */,
				F9E184801901362E00BEC2AC /* Resources */,
			);
			buildRules = (
			);
			dependencies = (
				F9E184881901362E00BEC2AC /* PBXTargetDependency */,
			);
			name = HSDeckManagerTests;
			productName = HSDeckManagerTests;
			productReference = F9E184821901362E00BEC2AC /* HSDeckManagerTests.xctest */;
			productType = "com.apple.product-type.bundle.unit-test";
		};
/* End PBXNativeTarget section */

/* Begin PBXProject section */
		F9E184591901362E00BEC2AC /* Project object */ = {
			isa = PBXProject;
			attributes = {
				CLASSPREFIX = HS;
				LastUpgradeCheck = 0510;
				ORGANIZATIONNAME = "Julien Tran";
				TargetAttributes = {
					F9E184811901362E00BEC2AC = {
						TestTargetID = F9E184601901362E00BEC2AC;
					};
				};
			};
			buildConfigurationList = F9E1845C1901362E00BEC2AC /* Build configuration list for PBXProject "HSDeckManager" */;
			compatibilityVersion = "Xcode 3.2";
			developmentRegion = English;
			hasScannedForEncodings = 0;
			knownRegions = (
				en,
				Base,
			);
			mainGroup = F9E184581901362E00BEC2AC;
			productRefGroup = F9E184621901362E00BEC2AC /* Products */;
			projectDirPath = "";
			projectRoot = "";
			targets = (
				F9E184601901362E00BEC2AC /* HSDeckManager */,
				F9E184811901362E00BEC2AC /* HSDeckManagerTests */,
			);
		};
/* End PBXProject section */

/* Begin PBXResourcesBuildPhase section */
		F9E1845F1901362E00BEC2AC /* Resources */ = {
			isa = PBXResourcesBuildPhase;
			buildActionMask = 2147483647;
			files = (
				F9E1847D1901362E00BEC2AC /* Images.xcassets in Resources */,
				F9E184781901362E00BEC2AC /* Main.storyboard in Resources */,
			);
			runOnlyForDeploymentPostprocessing = 0;
		};
		F9E184801901362E00BEC2AC /* Resources */ = {
			isa = PBXResourcesBuildPhase;
			buildActionMask = 2147483647;
			files = (
				F9E1848E1901362E00BEC2AC /* InfoPlist.strings in Resources */,
			);
			runOnlyForDeploymentPostprocessing = 0;
		};
/* End PBXResourcesBuildPhase section */

/* Begin PBXSourcesBuildPhase section */
		F9E1845D1901362E00BEC2AC /* Sources */ = {
			isa = PBXSourcesBuildPhase;
			buildActionMask = 2147483647;
			files = (
				F9E184A41901370000BEC2AC /* HSMainViewController.m in Sources */,
				F9E184711901362E00BEC2AC /* main.m in Sources */,
				F9E184A81901381200BEC2AC /* HSDeckListViewController.m in Sources */,
				F9E184AB19014F7100BEC2AC /* HSHeroSelectionViewController.m in Sources */,
				F9E184A01901369400BEC2AC /* HSAppDelegate.m in Sources */,
			);
			runOnlyForDeploymentPostprocessing = 0;
		};
		F9E1847E1901362E00BEC2AC /* Sources */ = {
			isa = PBXSourcesBuildPhase;
			buildActionMask = 2147483647;
			files = (
				F9E184901901362E00BEC2AC /* HSDeckManagerTests.m in Sources */,
			);
			runOnlyForDeploymentPostprocessing = 0;
		};
/* End PBXSourcesBuildPhase section */

/* Begin PBXTargetDependency section */
		F9E184881901362E00BEC2AC /* PBXTargetDependency */ = {
			isa = PBXTargetDependency;
			target = F9E184601901362E00BEC2AC /* HSDeckManager */;
			targetProxy = F9E184871901362E00BEC2AC /* PBXContainerItemProxy */;
		};
/* End PBXTargetDependency section */

/* Begin PBXVariantGroup section */
		F9E184761901362E00BEC2AC /* Main.storyboard */ = {
			isa = PBXVariantGroup;
			children = (
				F9E184771901362E00BEC2AC /* Base */,
			);
			name = Main.storyboard;
			sourceTree = "<group>";
		};
		F9E1848C1901362E00BEC2AC /* InfoPlist.strings */ = {
			isa = PBXVariantGroup;
			children = (
				F9E1848D1901362E00BEC2AC /* en */,
			);
			name = InfoPlist.strings;
			sourceTree = "<group>";
		};
/* End PBXVariantGroup section */

/* Begin XCBuildConfiguration section */
		F9E184911901362E00BEC2AC /* Debug */ = {
			isa = XCBuildConfiguration;
			buildSettings = {
				ALWAYS_SEARCH_USER_PATHS = NO;
				CLANG_CXX_LANGUAGE_STANDARD = "gnu++0x";
				CLANG_CXX_LIBRARY = "libc++";
				CLANG_ENABLE_MODULES = YES;
				CLANG_ENABLE_OBJC_ARC = YES;
				CLANG_WARN_BOOL_CONVERSION = YES;
				CLANG_WARN_CONSTANT_CONVERSION = YES;
				CLANG_WARN_DIRECT_OBJC_ISA_USAGE = YES_ERROR;
				CLANG_WARN_EMPTY_BODY = YES;
				CLANG_WARN_ENUM_CONVERSION = YES;
				CLANG_WARN_INT_CONVERSION = YES;
				CLANG_WARN_OBJC_ROOT_CLASS = YES_ERROR;
				CLANG_WARN__DUPLICATE_METHOD_MATCH = YES;
				"CODE_SIGN_IDENTITY[sdk=iphoneos*]" = "iPhone Developer";
				COPY_PHASE_STRIP = NO;
				GCC_C_LANGUAGE_STANDARD = gnu99;
				GCC_DYNAMIC_NO_PIC = NO;
				GCC_OPTIMIZATION_LEVEL = 0;
				GCC_PREPROCESSOR_DEFINITIONS = (
					"DEBUG=1",
					"$(inherited)",
				);
				GCC_SYMBOLS_PRIVATE_EXTERN = NO;
				GCC_WARN_64_TO_32_BIT_CONVERSION = YES;
				GCC_WARN_ABOUT_RETURN_TYPE = YES_ERROR;
				GCC_WARN_UNDECLARED_SELECTOR = YES;
				GCC_WARN_UNINITIALIZED_AUTOS = YES_AGGRESSIVE;
				GCC_WARN_UNUSED_FUNCTION = YES;
				GCC_WARN_UNUSED_VARIABLE = YES;
				IPHONEOS_DEPLOYMENT_TARGET = 6.0;
				ONLY_ACTIVE_ARCH = YES;
				SDKROOT = iphoneos;
			};
			name = Debug;
		};
		F9E184921901362E00BEC2AC /* Release */ = {
			isa = XCBuildConfiguration;
			buildSettings = {
				ALWAYS_SEARCH_USER_PATHS = NO;
				CLANG_CXX_LANGUAGE_STANDARD = "gnu++0x";
				CLANG_CXX_LIBRARY = "libc++";
				CLANG_ENABLE_MODULES = YES;
				CLANG_ENABLE_OBJC_ARC = YES;
				CLANG_WARN_BOOL_CONVERSION = YES;
				CLANG_WARN_CONSTANT_CONVERSION = YES;
				CLANG_WARN_DIRECT_OBJC_ISA_USAGE = YES_ERROR;
				CLANG_WARN_EMPTY_BODY = YES;
				CLANG_WARN_ENUM_CONVERSION = YES;
				CLANG_WARN_INT_CONVERSION = YES;
				CLANG_WARN_OBJC_ROOT_CLASS = YES_ERROR;
				CLANG_WARN__DUPLICATE_METHOD_MATCH = YES;
				"CODE_SIGN_IDENTITY[sdk=iphoneos*]" = "iPhone Developer";
				COPY_PHASE_STRIP = YES;
				ENABLE_NS_ASSERTIONS = NO;
				GCC_C_LANGUAGE_STANDARD = gnu99;
				GCC_WARN_64_TO_32_BIT_CONVERSION = YES;
				GCC_WARN_ABOUT_RETURN_TYPE = YES_ERROR;
				GCC_WARN_UNDECLARED_SELECTOR = YES;
				GCC_WARN_UNINITIALIZED_AUTOS = YES_AGGRESSIVE;
				GCC_WARN_UNUSED_FUNCTION = YES;
				GCC_WARN_UNUSED_VARIABLE = YES;
				IPHONEOS_DEPLOYMENT_TARGET = 6.0;
				SDKROOT = iphoneos;
				VALIDATE_PRODUCT = YES;
			};
			name = Release;
		};
		F9E184941901362E00BEC2AC /* Debug */ = {
			isa = XCBuildConfiguration;
			buildSettings = {
				ASSETCATALOG_COMPILER_APPICON_NAME = AppIcon;
				ASSETCATALOG_COMPILER_LAUNCHIMAGE_NAME = LaunchImage;
				GCC_PRECOMPILE_PREFIX_HEADER = YES;
				GCC_PREFIX_HEADER = "HSDeckManager/HSDeckManager-Prefix.pch";
				INFOPLIST_FILE = "HSDeckManager/HSDeckManager-Info.plist";
				PRODUCT_NAME = "$(TARGET_NAME)";
				WRAPPER_EXTENSION = app;
			};
			name = Debug;
		};
		F9E184951901362E00BEC2AC /* Release */ = {
			isa = XCBuildConfiguration;
			buildSettings = {
				ASSETCATALOG_COMPILER_APPICON_NAME = AppIcon;
				ASSETCATALOG_COMPILER_LAUNCHIMAGE_NAME = LaunchImage;
				GCC_PRECOMPILE_PREFIX_HEADER = YES;
				GCC_PREFIX_HEADER = "HSDeckManager/HSDeckManager-Prefix.pch";
				INFOPLIST_FILE = "HSDeckManager/HSDeckManager-Info.plist";
				PRODUCT_NAME = "$(TARGET_NAME)";
				WRAPPER_EXTENSION = app;
			};
			name = Release;
		};
		F9E184971901362F00BEC2AC /* Debug */ = {
			isa = XCBuildConfiguration;
			buildSettings = {
				BUNDLE_LOADER = "$(BUILT_PRODUCTS_DIR)/HSDeckManager.app/HSDeckManager";
				FRAMEWORK_SEARCH_PATHS = (
					"$(SDKROOT)/Developer/Library/Frameworks",
					"$(inherited)",
					"$(DEVELOPER_FRAMEWORKS_DIR)",
				);
				GCC_PRECOMPILE_PREFIX_HEADER = YES;
				GCC_PREFIX_HEADER = "HSDeckManager/HSDeckManager-Prefix.pch";
				GCC_PREPROCESSOR_DEFINITIONS = (
					"DEBUG=1",
					"$(inherited)",
				);
				INFOPLIST_FILE = "HSDeckManagerTests/HSDeckManagerTests-Info.plist";
				PRODUCT_NAME = "$(TARGET_NAME)";
				TEST_HOST = "$(BUNDLE_LOADER)";
				WRAPPER_EXTENSION = xctest;
			};
			name = Debug;
		};
		F9E184981901362F00BEC2AC /* Release */ = {
			isa = XCBuildConfiguration;
			buildSettings = {
				BUNDLE_LOADER = "$(BUILT_PRODUCTS_DIR)/HSDeckManager.app/HSDeckManager";
				FRAMEWORK_SEARCH_PATHS = (
					"$(SDKROOT)/Developer/Library/Frameworks",
					"$(inherited)",
					"$(DEVELOPER_FRAMEWORKS_DIR)",
				);
				GCC_PRECOMPILE_PREFIX_HEADER = YES;
				GCC_PREFIX_HEADER = "HSDeckManager/HSDeckManager-Prefix.pch";
				INFOPLIST_FILE = "HSDeckManagerTests/HSDeckManagerTests-Info.plist";
				PRODUCT_NAME = "$(TARGET_NAME)";
				TEST_HOST = "$(BUNDLE_LOADER)";
				WRAPPER_EXTENSION = xctest;
			};
			name = Release;
		};
/* End XCBuildConfiguration section */

/* Begin XCConfigurationList section */
		F9E1845C1901362E00BEC2AC /* Build configuration list for PBXProject "HSDeckManager" */ = {
			isa = XCConfigurationList;
			buildConfigurations = (
				F9E184911901362E00BEC2AC /* Debug */,
				F9E184921901362E00BEC2AC /* Release */,
			);
			defaultConfigurationIsVisible = 0;
			defaultConfigurationName = Release;
		};
		F9E184931901362E00BEC2AC /* Build configuration list for PBXNativeTarget "HSDeckManager" */ = {
			isa = XCConfigurationList;
			buildConfigurations = (
				F9E184941901362E00BEC2AC /* Debug */,
				F9E184951901362E00BEC2AC /* Release */,
			);
			defaultConfigurationIsVisible = 0;
			defaultConfigurationName = Release;
		};
		F9E184961901362F00BEC2AC /* Build configuration list for PBXNativeTarget "HSDeckManagerTests" */ = {
			isa = XCConfigurationList;
			buildConfigurations = (
				F9E184971901362F00BEC2AC /* Debug */,
				F9E184981901362F00BEC2AC /* Release */,
			);
			defaultConfigurationIsVisible = 0;
			defaultConfigurationName = Release;
		};
/* End XCConfigurationList section */
	};
	rootObject = F9E184591901362E00BEC2AC /* Project object */;
}
