// !$*UTF8*$!
{
	archiveVersion = 1;
	classes = {
	};
	objectVersion = 46;
	objects = {

/* Begin PBXBuildFile section */
		F9376BCC1902C5A700FFE097 /* HSDeck.m in Sources */ = {isa = PBXBuildFile; fileRef = F9376BCB1902C5A700FFE097 /* HSDeck.m */; };
		F9376BE11902C66000FFE097 /* HSCardInfo.m in Sources */ = {isa = PBXBuildFile; fileRef = F9376BE01902C66000FFE097 /* HSCardInfo.m */; };
		F9376BE41902C68100FFE097 /* HSCard.m in Sources */ = {isa = PBXBuildFile; fileRef = F9376BE31902C68100FFE097 /* HSCard.m */; };
		F9376BEB1902CDA800FFE097 /* card_data.data in Resources */ = {isa = PBXBuildFile; fileRef = F9376BEA1902CDA800FFE097 /* card_data.data */; };
		F9376BFF1902D08000FFE097 /* HSCardCell.m in Sources */ = {isa = PBXBuildFile; fileRef = F9376BEE1902D08000FFE097 /* HSCardCell.m */; };
		F9376C001902D08000FFE097 /* HSCardCell.xib in Resources */ = {isa = PBXBuildFile; fileRef = F9376BEF1902D08000FFE097 /* HSCardCell.xib */; };
		F9376C011902D08000FFE097 /* HSCardSelectionViewController.m in Sources */ = {isa = PBXBuildFile; fileRef = F9376BF11902D08000FFE097 /* HSCardSelectionViewController.m */; };
		F9376C021902D08000FFE097 /* HSDeckCell.m in Sources */ = {isa = PBXBuildFile; fileRef = F9376BF41902D08000FFE097 /* HSDeckCell.m */; };
		F9376C031902D08000FFE097 /* HSDeckCell.xib in Resources */ = {isa = PBXBuildFile; fileRef = F9376BF51902D08000FFE097 /* HSDeckCell.xib */; };
		F9376C041902D08000FFE097 /* HSDeckContentViewController.m in Sources */ = {isa = PBXBuildFile; fileRef = F9376BF71902D08000FFE097 /* HSDeckContentViewController.m */; };
		F9376C051902D08000FFE097 /* HSDeckListViewController.m in Sources */ = {isa = PBXBuildFile; fileRef = F9376BF91902D08000FFE097 /* HSDeckListViewController.m */; };
		F9376C061902D08000FFE097 /* HSDeckStatsViewController.m in Sources */ = {isa = PBXBuildFile; fileRef = F9376BFB1902D08000FFE097 /* HSDeckStatsViewController.m */; };
		F9376C071902D08000FFE097 /* HSHeroSelectionViewController.m in Sources */ = {isa = PBXBuildFile; fileRef = F9376BFE1902D08000FFE097 /* HSHeroSelectionViewController.m */; };
		F9376C0A1902D34100FFE097 /* HSCardSearchViewController.m in Sources */ = {isa = PBXBuildFile; fileRef = F9376C091902D34100FFE097 /* HSCardSearchViewController.m */; };
		F9E184711901362E00BEC2AC /* main.m in Sources */ = {isa = PBXBuildFile; fileRef = F9E184701901362E00BEC2AC /* main.m */; };
		F9E184781901362E00BEC2AC /* Main.storyboard in Resources */ = {isa = PBXBuildFile; fileRef = F9E184761901362E00BEC2AC /* Main.storyboard */; };
		F9E1847D1901362E00BEC2AC /* Images.xcassets in Resources */ = {isa = PBXBuildFile; fileRef = F9E1847C1901362E00BEC2AC /* Images.xcassets */; };
		F9E1848E1901362E00BEC2AC /* InfoPlist.strings in Resources */ = {isa = PBXBuildFile; fileRef = F9E1848C1901362E00BEC2AC /* InfoPlist.strings */; };
		F9E184901901362E00BEC2AC /* HSDeckManagerTests.m in Sources */ = {isa = PBXBuildFile; fileRef = F9E1848F1901362E00BEC2AC /* HSDeckManagerTests.m */; };
		F9E184A01901369400BEC2AC /* HSAppDelegate.m in Sources */ = {isa = PBXBuildFile; fileRef = F9E1849B1901369400BEC2AC /* HSAppDelegate.m */; };
		F9E184BB1901521B00BEC2AC /* hero_banner_druid.jpg in Resources */ = {isa = PBXBuildFile; fileRef = F9E184AE1901521B00BEC2AC /* hero_banner_druid.jpg */; };
		F9E184BC1901521B00BEC2AC /* hero_banner_hunter.jpg in Resources */ = {isa = PBXBuildFile; fileRef = F9E184AF1901521B00BEC2AC /* hero_banner_hunter.jpg */; };
		F9E184BD1901521B00BEC2AC /* hero_banner_mage.jpg in Resources */ = {isa = PBXBuildFile; fileRef = F9E184B01901521B00BEC2AC /* hero_banner_mage.jpg */; };
		F9E184BE1901521B00BEC2AC /* hero_banner_paladin.jpg in Resources */ = {isa = PBXBuildFile; fileRef = F9E184B11901521B00BEC2AC /* hero_banner_paladin.jpg */; };
		F9E184BF1901521B00BEC2AC /* hero_banner_priest.jpg in Resources */ = {isa = PBXBuildFile; fileRef = F9E184B21901521B00BEC2AC /* hero_banner_priest.jpg */; };
		F9E184C01901521B00BEC2AC /* hero_banner_rogue.jpg in Resources */ = {isa = PBXBuildFile; fileRef = F9E184B31901521B00BEC2AC /* hero_banner_rogue.jpg */; };
		F9E184C11901521B00BEC2AC /* hero_banner_shaman.jpg in Resources */ = {isa = PBXBuildFile; fileRef = F9E184B41901521B00BEC2AC /* hero_banner_shaman.jpg */; };
		F9E184C21901521B00BEC2AC /* hero_banner_warlock.jpg in Resources */ = {isa = PBXBuildFile; fileRef = F9E184B51901521B00BEC2AC /* hero_banner_warlock.jpg */; };
		F9E184C31901521B00BEC2AC /* hero_banner_warrior.jpg in Resources */ = {isa = PBXBuildFile; fileRef = F9E184B61901521B00BEC2AC /* hero_banner_warrior.jpg */; };
		F9E184C41901521B00BEC2AC /* hero_avatar_druid.png in Resources */ = {isa = PBXBuildFile; fileRef = F9E184B71901521B00BEC2AC /* hero_avatar_druid.png */; };
		F9E184C51901521B00BEC2AC /* hero_avatar_hunter.png in Resources */ = {isa = PBXBuildFile; fileRef = F9E184B81901521B00BEC2AC /* hero_avatar_hunter.png */; };
		F9E184C61901521B00BEC2AC /* hero_avatar_mage.png in Resources */ = {isa = PBXBuildFile; fileRef = F9E184B91901521B00BEC2AC /* hero_avatar_mage.png */; };
		F9E184C71901521B00BEC2AC /* hero_avatar_priest.png in Resources */ = {isa = PBXBuildFile; fileRef = F9E184BA1901521B00BEC2AC /* hero_avatar_priest.png */; };
		F9E184E41901549600BEC2AC /* HSDeckManagerData.xcdatamodeld in Sources */ = {isa = PBXBuildFile; fileRef = F9E184E21901549600BEC2AC /* HSDeckManagerData.xcdatamodeld */; };
		F9E184EF1901574800BEC2AC /* HSDataCenter.m in Sources */ = {isa = PBXBuildFile; fileRef = F9E184EE1901574800BEC2AC /* HSDataCenter.m */; };
/* End PBXBuildFile section */

/* Begin PBXContainerItemProxy section */
		F9E184871901362E00BEC2AC /* PBXContainerItemProxy */ = {
			isa = PBXContainerItemProxy;
			containerPortal = F9E184591901362E00BEC2AC /* Project object */;
			proxyType = 1;
			remoteGlobalIDString = F9E184601901362E00BEC2AC;
			remoteInfo = HSDeckManager;
		};
/* End PBXContainerItemProxy section */

/* Begin PBXFileReference section */
		F9376BCA1902C5A700FFE097 /* HSDeck.h */ = {isa = PBXFileReference; fileEncoding = 4; lastKnownFileType = sourcecode.c.h; path = HSDeck.h; sourceTree = "<group>"; };
		F9376BCB1902C5A700FFE097 /* HSDeck.m */ = {isa = PBXFileReference; fileEncoding = 4; lastKnownFileType = sourcecode.c.objc; path = HSDeck.m; sourceTree = "<group>"; };
		F9376BDF1902C66000FFE097 /* HSCardInfo.h */ = {isa = PBXFileReference; fileEncoding = 4; lastKnownFileType = sourcecode.c.h; path = HSCardInfo.h; sourceTree = "<group>"; };
		F9376BE01902C66000FFE097 /* HSCardInfo.m */ = {isa = PBXFileReference; fileEncoding = 4; lastKnownFileType = sourcecode.c.objc; path = HSCardInfo.m; sourceTree = "<group>"; };
		F9376BE21902C68100FFE097 /* HSCard.h */ = {isa = PBXFileReference; fileEncoding = 4; lastKnownFileType = sourcecode.c.h; path = HSCard.h; sourceTree = "<group>"; };
		F9376BE31902C68100FFE097 /* HSCard.m */ = {isa = PBXFileReference; fileEncoding = 4; lastKnownFileType = sourcecode.c.objc; path = HSCard.m; sourceTree = "<group>"; };
		F9376BEA1902CDA800FFE097 /* card_data.data */ = {isa = PBXFileReference; fileEncoding = 4; lastKnownFileType = text; path = card_data.data; sourceTree = "<group>"; };
		F9376BED1902D08000FFE097 /* HSCardCell.h */ = {isa = PBXFileReference; fileEncoding = 4; lastKnownFileType = sourcecode.c.h; path = HSCardCell.h; sourceTree = "<group>"; };
		F9376BEE1902D08000FFE097 /* HSCardCell.m */ = {isa = PBXFileReference; fileEncoding = 4; lastKnownFileType = sourcecode.c.objc; path = HSCardCell.m; sourceTree = "<group>"; };
		F9376BEF1902D08000FFE097 /* HSCardCell.xib */ = {isa = PBXFileReference; fileEncoding = 4; lastKnownFileType = file.xib; path = HSCardCell.xib; sourceTree = "<group>"; };
		F9376BF01902D08000FFE097 /* HSCardSelectionViewController.h */ = {isa = PBXFileReference; fileEncoding = 4; lastKnownFileType = sourcecode.c.h; path = HSCardSelectionViewController.h; sourceTree = "<group>"; };
		F9376BF11902D08000FFE097 /* HSCardSelectionViewController.m */ = {isa = PBXFileReference; fileEncoding = 4; lastKnownFileType = sourcecode.c.objc; path = HSCardSelectionViewController.m; sourceTree = "<group>"; };
		F9376BF31902D08000FFE097 /* HSDeckCell.h */ = {isa = PBXFileReference; fileEncoding = 4; lastKnownFileType = sourcecode.c.h; path = HSDeckCell.h; sourceTree = "<group>"; };
		F9376BF41902D08000FFE097 /* HSDeckCell.m */ = {isa = PBXFileReference; fileEncoding = 4; lastKnownFileType = sourcecode.c.objc; path = HSDeckCell.m; sourceTree = "<group>"; };
		F9376BF51902D08000FFE097 /* HSDeckCell.xib */ = {isa = PBXFileReference; fileEncoding = 4; lastKnownFileType = file.xib; path = HSDeckCell.xib; sourceTree = "<group>"; };
		F9376BF61902D08000FFE097 /* HSDeckContentViewController.h */ = {isa = PBXFileReference; fileEncoding = 4; lastKnownFileType = sourcecode.c.h; path = HSDeckContentViewController.h; sourceTree = "<group>"; };
		F9376BF71902D08000FFE097 /* HSDeckContentViewController.m */ = {isa = PBXFileReference; fileEncoding = 4; lastKnownFileType = sourcecode.c.objc; path = HSDeckContentViewController.m; sourceTree = "<group>"; };
		F9376BF81902D08000FFE097 /* HSDeckListViewController.h */ = {isa = PBXFileReference; fileEncoding = 4; lastKnownFileType = sourcecode.c.h; path = HSDeckListViewController.h; sourceTree = "<group>"; };
		F9376BF91902D08000FFE097 /* HSDeckListViewController.m */ = {isa = PBXFileReference; fileEncoding = 4; lastKnownFileType = sourcecode.c.objc; path = HSDeckListViewController.m; sourceTree = "<group>"; };
		F9376BFA1902D08000FFE097 /* HSDeckStatsViewController.h */ = {isa = PBXFileReference; fileEncoding = 4; lastKnownFileType = sourcecode.c.h; path = HSDeckStatsViewController.h; sourceTree = "<group>"; };
		F9376BFB1902D08000FFE097 /* HSDeckStatsViewController.m */ = {isa = PBXFileReference; fileEncoding = 4; lastKnownFileType = sourcecode.c.objc; path = HSDeckStatsViewController.m; sourceTree = "<group>"; };
		F9376BFD1902D08000FFE097 /* HSHeroSelectionViewController.h */ = {isa = PBXFileReference; fileEncoding = 4; lastKnownFileType = sourcecode.c.h; path = HSHeroSelectionViewController.h; sourceTree = "<group>"; };
		F9376BFE1902D08000FFE097 /* HSHeroSelectionViewController.m */ = {isa = PBXFileReference; fileEncoding = 4; lastKnownFileType = sourcecode.c.objc; path = HSHeroSelectionViewController.m; sourceTree = "<group>"; };
		F9376C081902D34000FFE097 /* HSCardSearchViewController.h */ = {isa = PBXFileReference; fileEncoding = 4; lastKnownFileType = sourcecode.c.h; path = HSCardSearchViewController.h; sourceTree = "<group>"; };
		F9376C091902D34100FFE097 /* HSCardSearchViewController.m */ = {isa = PBXFileReference; fileEncoding = 4; lastKnownFileType = sourcecode.c.objc; path = HSCardSearchViewController.m; sourceTree = "<group>"; };
		F9E184611901362E00BEC2AC /* HSDeckManager.app */ = {isa = PBXFileReference; explicitFileType = wrapper.application; includeInIndex = 0; path = HSDeckManager.app; sourceTree = BUILT_PRODUCTS_DIR; };
		F9E1846C1901362E00BEC2AC /* HSDeckManager-Info.plist */ = {isa = PBXFileReference; lastKnownFileType = text.plist.xml; path = "HSDeckManager-Info.plist"; sourceTree = "<group>"; };
		F9E184701901362E00BEC2AC /* main.m */ = {isa = PBXFileReference; lastKnownFileType = sourcecode.c.objc; path = main.m; sourceTree = "<group>"; };
		F9E184721901362E00BEC2AC /* HSDeckManager-Prefix.pch */ = {isa = PBXFileReference; lastKnownFileType = sourcecode.c.h; path = "HSDeckManager-Prefix.pch"; sourceTree = "<group>"; };
		F9E184771901362E00BEC2AC /* Base */ = {isa = PBXFileReference; lastKnownFileType = file.storyboard; name = Base; path = Base.lproj/Main.storyboard; sourceTree = "<group>"; };
		F9E1847C1901362E00BEC2AC /* Images.xcassets */ = {isa = PBXFileReference; lastKnownFileType = folder.assetcatalog; path = Images.xcassets; sourceTree = "<group>"; };
		F9E184821901362E00BEC2AC /* HSDeckManagerTests.xctest */ = {isa = PBXFileReference; explicitFileType = wrapper.cfbundle; includeInIndex = 0; path = HSDeckManagerTests.xctest; sourceTree = BUILT_PRODUCTS_DIR; };
		F9E1848B1901362E00BEC2AC /* HSDeckManagerTests-Info.plist */ = {isa = PBXFileReference; lastKnownFileType = text.plist.xml; path = "HSDeckManagerTests-Info.plist"; sourceTree = "<group>"; };
		F9E1848D1901362E00BEC2AC /* en */ = {isa = PBXFileReference; lastKnownFileType = text.plist.strings; name = en; path = en.lproj/InfoPlist.strings; sourceTree = "<group>"; };
		F9E1848F1901362E00BEC2AC /* HSDeckManagerTests.m */ = {isa = PBXFileReference; lastKnownFileType = sourcecode.c.objc; path = HSDeckManagerTests.m; sourceTree = "<group>"; };
		F9E1849A1901369400BEC2AC /* HSAppDelegate.h */ = {isa = PBXFileReference; fileEncoding = 4; lastKnownFileType = sourcecode.c.h; path = HSAppDelegate.h; sourceTree = "<group>"; };
		F9E1849B1901369400BEC2AC /* HSAppDelegate.m */ = {isa = PBXFileReference; fileEncoding = 4; lastKnownFileType = sourcecode.c.objc; path = HSAppDelegate.m; sourceTree = "<group>"; };
		F9E184AE1901521B00BEC2AC /* hero_banner_druid.jpg */ = {isa = PBXFileReference; lastKnownFileType = image.jpeg; path = hero_banner_druid.jpg; sourceTree = "<group>"; };
		F9E184AF1901521B00BEC2AC /* hero_banner_hunter.jpg */ = {isa = PBXFileReference; lastKnownFileType = image.jpeg; path = hero_banner_hunter.jpg; sourceTree = "<group>"; };
		F9E184B01901521B00BEC2AC /* hero_banner_mage.jpg */ = {isa = PBXFileReference; lastKnownFileType = image.jpeg; path = hero_banner_mage.jpg; sourceTree = "<group>"; };
		F9E184B11901521B00BEC2AC /* hero_banner_paladin.jpg */ = {isa = PBXFileReference; lastKnownFileType = image.jpeg; path = hero_banner_paladin.jpg; sourceTree = "<group>"; };
		F9E184B21901521B00BEC2AC /* hero_banner_priest.jpg */ = {isa = PBXFileReference; lastKnownFileType = image.jpeg; path = hero_banner_priest.jpg; sourceTree = "<group>"; };
		F9E184B31901521B00BEC2AC /* hero_banner_rogue.jpg */ = {isa = PBXFileReference; lastKnownFileType = image.jpeg; path = hero_banner_rogue.jpg; sourceTree = "<group>"; };
		F9E184B41901521B00BEC2AC /* hero_banner_shaman.jpg */ = {isa = PBXFileReference; lastKnownFileType = image.jpeg; path = hero_banner_shaman.jpg; sourceTree = "<group>"; };
		F9E184B51901521B00BEC2AC /* hero_banner_warlock.jpg */ = {isa = PBXFileReference; lastKnownFileType = image.jpeg; path = hero_banner_warlock.jpg; sourceTree = "<group>"; };
		F9E184B61901521B00BEC2AC /* hero_banner_warrior.jpg */ = {isa = PBXFileReference; lastKnownFileType = image.jpeg; path = hero_banner_warrior.jpg; sourceTree = "<group>"; };
		F9E184B71901521B00BEC2AC /* hero_avatar_druid.png */ = {isa = PBXFileReference; lastKnownFileType = image.png; path = hero_avatar_druid.png; sourceTree = "<group>"; };
		F9E184B81901521B00BEC2AC /* hero_avatar_hunter.png */ = {isa = PBXFileReference; lastKnownFileType = image.png; path = hero_avatar_hunter.png; sourceTree = "<group>"; };
		F9E184B91901521B00BEC2AC /* hero_avatar_mage.png */ = {isa = PBXFileReference; lastKnownFileType = image.png; path = hero_avatar_mage.png; sourceTree = "<group>"; };
		F9E184BA1901521B00BEC2AC /* hero_avatar_priest.png */ = {isa = PBXFileReference; lastKnownFileType = image.png; path = hero_avatar_priest.png; sourceTree = "<group>"; };
		F9E184E31901549600BEC2AC /* HSDeckManagerData.xcdatamodel */ = {isa = PBXFileReference; lastKnownFileType = wrapper.xcdatamodel; path = HSDeckManagerData.xcdatamodel; sourceTree = "<group>"; };
		F9E184ED1901574800BEC2AC /* HSDataCenter.h */ = {isa = PBXFileReference; fileEncoding = 4; lastKnownFileType = sourcecode.c.h; path = HSDataCenter.h; sourceTree = "<group>"; };
		F9E184EE1901574800BEC2AC /* HSDataCenter.m */ = {isa = PBXFileReference; fileEncoding = 4; lastKnownFileType = sourcecode.c.objc; path = HSDataCenter.m; sourceTree = "<group>"; };
/* End PBXFileReference section */

/* Begin PBXFrameworksBuildPhase section */
		F9E1845E1901362E00BEC2AC /* Frameworks */ = {
			isa = PBXFrameworksBuildPhase;
			buildActionMask = 2147483647;
			files = (
			);
			runOnlyForDeploymentPostprocessing = 0;
		};
		F9E1847F1901362E00BEC2AC /* Frameworks */ = {
			isa = PBXFrameworksBuildPhase;
			buildActionMask = 2147483647;
			files = (
			);
			runOnlyForDeploymentPostprocessing = 0;
		};
/* End PBXFrameworksBuildPhase section */

/* Begin PBXGroup section */
		F9376BEC1902D08000FFE097 /* card */ = {
			isa = PBXGroup;
			children = (
				F9376BED1902D08000FFE097 /* HSCardCell.h */,
				F9376BEE1902D08000FFE097 /* HSCardCell.m */,
				F9376BEF1902D08000FFE097 /* HSCardCell.xib */,
				F9376BF01902D08000FFE097 /* HSCardSelectionViewController.h */,
				F9376BF11902D08000FFE097 /* HSCardSelectionViewController.m */,
				F9376C081902D34000FFE097 /* HSCardSearchViewController.h */,
				F9376C091902D34100FFE097 /* HSCardSearchViewController.m */,
			);
			path = card;
			sourceTree = "<group>";
		};
		F9376BF21902D08000FFE097 /* deck */ = {
			isa = PBXGroup;
			children = (
				F9376BF31902D08000FFE097 /* HSDeckCell.h */,
				F9376BF41902D08000FFE097 /* HSDeckCell.m */,
				F9376BF51902D08000FFE097 /* HSDeckCell.xib */,
				F9376BF61902D08000FFE097 /* HSDeckContentViewController.h */,
				F9376BF71902D08000FFE097 /* HSDeckContentViewController.m */,
				F9376BF81902D08000FFE097 /* HSDeckListViewController.h */,
				F9376BF91902D08000FFE097 /* HSDeckListViewController.m */,
				F9376BFA1902D08000FFE097 /* HSDeckStatsViewController.h */,
				F9376BFB1902D08000FFE097 /* HSDeckStatsViewController.m */,
			);
			path = deck;
			sourceTree = "<group>";
		};
		F9376BFC1902D08000FFE097 /* hero */ = {
			isa = PBXGroup;
			children = (
				F9376BFD1902D08000FFE097 /* HSHeroSelectionViewController.h */,
				F9376BFE1902D08000FFE097 /* HSHeroSelectionViewController.m */,
			);
			path = hero;
			sourceTree = "<group>";
		};
		F9E184581901362E00BEC2AC = {
			isa = PBXGroup;
			children = (
				F9E1846A1901362E00BEC2AC /* HSDeckManager */,
				F9E184891901362E00BEC2AC /* HSDeckManagerTests */,
				F9E184621901362E00BEC2AC /* Products */,
			);
			sourceTree = "<group>";
		};
		F9E184621901362E00BEC2AC /* Products */ = {
			isa = PBXGroup;
			children = (
				F9E184611901362E00BEC2AC /* HSDeckManager.app */,
				F9E184821901362E00BEC2AC /* HSDeckManagerTests.xctest */,
			);
			name = Products;
			sourceTree = "<group>";
		};
		F9E1846A1901362E00BEC2AC /* HSDeckManager */ = {
			isa = PBXGroup;
			children = (
				F9E184991901369400BEC2AC /* Classes */,
				F9E1849E1901369400BEC2AC /* Resources */,
				F9E184761901362E00BEC2AC /* Main.storyboard */,
				F9E1847C1901362E00BEC2AC /* Images.xcassets */,
				F9E1846B1901362E00BEC2AC /* Supporting Files */,
			);
			path = HSDeckManager;
			sourceTree = "<group>";
		};
		F9E1846B1901362E00BEC2AC /* Supporting Files */ = {
			isa = PBXGroup;
			children = (
				F9E1846C1901362E00BEC2AC /* HSDeckManager-Info.plist */,
				F9E184701901362E00BEC2AC /* main.m */,
				F9E184721901362E00BEC2AC /* HSDeckManager-Prefix.pch */,
			);
			name = "Supporting Files";
			sourceTree = "<group>";
		};
		F9E184891901362E00BEC2AC /* HSDeckManagerTests */ = {
			isa = PBXGroup;
			children = (
				F9E1848F1901362E00BEC2AC /* HSDeckManagerTests.m */,
				F9E1848A1901362E00BEC2AC /* Supporting Files */,
			);
			path = HSDeckManagerTests;
			sourceTree = "<group>";
		};
		F9E1848A1901362E00BEC2AC /* Supporting Files */ = {
			isa = PBXGroup;
			children = (
				F9E1848B1901362E00BEC2AC /* HSDeckManagerTests-Info.plist */,
				F9E1848C1901362E00BEC2AC /* InfoPlist.strings */,
			);
			name = "Supporting Files";
			sourceTree = "<group>";
		};
		F9E184991901369400BEC2AC /* Classes */ = {
			isa = PBXGroup;
			children = (
				F9E184E51901571400BEC2AC /* Data */,
				F9E184E61901571400BEC2AC /* Helpers */,
				F9E184CB1901540300BEC2AC /* Views */,
				F9E1849A1901369400BEC2AC /* HSAppDelegate.h */,
				F9E1849B1901369400BEC2AC /* HSAppDelegate.m */,
			);
			path = Classes;
			sourceTree = "<group>";
		};
		F9E1849E1901369400BEC2AC /* Resources */ = {
			isa = PBXGroup;
			children = (
				F9E184E11901548800BEC2AC /* Data */,
				F9E184AC1901521B00BEC2AC /* Heroes */,
				F9E1849F1901369400BEC2AC /* Cards */,
			);
			path = Resources;
			sourceTree = "<group>";
		};
		F9E1849F1901369400BEC2AC /* Cards */ = {
			isa = PBXGroup;
			children = (
			);
			path = Cards;
			sourceTree = "<group>";
		};
		F9E184AC1901521B00BEC2AC /* Heroes */ = {
			isa = PBXGroup;
			children = (
				F9E184AD1901521B00BEC2AC /* Banner */,
				F9E184B71901521B00BEC2AC /* hero_avatar_druid.png */,
				F9E184B81901521B00BEC2AC /* hero_avatar_hunter.png */,
				F9E184B91901521B00BEC2AC /* hero_avatar_mage.png */,
				F9E184BA1901521B00BEC2AC /* hero_avatar_priest.png */,
			);
			path = Heroes;
			sourceTree = "<group>";
		};
		F9E184AD1901521B00BEC2AC /* Banner */ = {
			isa = PBXGroup;
			children = (
				F9E184AE1901521B00BEC2AC /* hero_banner_druid.jpg */,
				F9E184AF1901521B00BEC2AC /* hero_banner_hunter.jpg */,
				F9E184B01901521B00BEC2AC /* hero_banner_mage.jpg */,
				F9E184B11901521B00BEC2AC /* hero_banner_paladin.jpg */,
				F9E184B21901521B00BEC2AC /* hero_banner_priest.jpg */,
				F9E184B31901521B00BEC2AC /* hero_banner_rogue.jpg */,
				F9E184B41901521B00BEC2AC /* hero_banner_shaman.jpg */,
				F9E184B51901521B00BEC2AC /* hero_banner_warlock.jpg */,
				F9E184B61901521B00BEC2AC /* hero_banner_warrior.jpg */,
			);
			path = Banner;
			sourceTree = "<group>";
		};
		F9E184CB1901540300BEC2AC /* Views */ = {
			isa = PBXGroup;
			children = (
				F9376BEC1902D08000FFE097 /* card */,
				F9376BF21902D08000FFE097 /* deck */,
				F9376BFC1902D08000FFE097 /* hero */,
			);
			path = Views;
			sourceTree = "<group>";
		};
		F9E184E11901548800BEC2AC /* Data */ = {
			isa = PBXGroup;
			children = (
				F9E184E21901549600BEC2AC /* HSDeckManagerData.xcdatamodeld */,
				F9376BEA1902CDA800FFE097 /* card_data.data */,
			);
			path = Data;
			sourceTree = "<group>";
		};
		F9E184E51901571400BEC2AC /* Data */ = {
			isa = PBXGroup;
			children = (
				F9E184ED1901574800BEC2AC /* HSDataCenter.h */,
				F9E184EE1901574800BEC2AC /* HSDataCenter.m */,
				F9376BCA1902C5A700FFE097 /* HSDeck.h */,
				F9376BCB1902C5A700FFE097 /* HSDeck.m */,
				F9376BDF1902C66000FFE097 /* HSCardInfo.h */,
				F9376BE01902C66000FFE097 /* HSCardInfo.m */,
				F9376BE21902C68100FFE097 /* HSCard.h */,
				F9376BE31902C68100FFE097 /* HSCard.m */,
			);
			path = Data;
			sourceTree = "<group>";
		};
		F9E184E61901571400BEC2AC /* Helpers */ = {
			isa = PBXGroup;
			children = (
			);
			path = Helpers;
			sourceTree = "<group>";
		};
/* End PBXGroup section */

/* Begin PBXNativeTarget section */
		F9E184601901362E00BEC2AC /* HSDeckManager */ = {
			isa = PBXNativeTarget;
			buildConfigurationList = F9E184931901362E00BEC2AC /* Build configuration list for PBXNativeTarget "HSDeckManager" */;
			buildPhases = (
				F9E1845D1901362E00BEC2AC /* Sources */,
				F9E1845E1901362E00BEC2AC /* Frameworks */,
				F9E1845F1901362E00BEC2AC /* Resources */,
			);
			buildRules = (
			);
			dependencies = (
			);
			name = HSDeckManager;
			productName = HSDeckManager;
			productReference = F9E184611901362E00BEC2AC /* HSDeckManager.app */;
			productType = "com.apple.product-type.application";
		};
		F9E184811901362E00BEC2AC /* HSDeckManagerTests */ = {
			isa = PBXNativeTarget;
			buildConfigurationList = F9E184961901362F00BEC2AC /* Build configuration list for PBXNativeTarget "HSDeckManagerTests" */;
			buildPhases = (
				F9E1847E1901362E00BEC2AC /* Sources */,
				F9E1847F1901362E00BEC2AC /* Frameworks */,
				F9E184801901362E00BEC2AC /* Resources */,
			);
			buildRules = (
			);
			dependencies = (
				F9E184881901362E00BEC2AC /* PBXTargetDependency */,
			);
			name = HSDeckManagerTests;
			productName = HSDeckManagerTests;
			productReference = F9E184821901362E00BEC2AC /* HSDeckManagerTests.xctest */;
			productType = "com.apple.product-type.bundle.unit-test";
		};
/* End PBXNativeTarget section */

/* Begin PBXProject section */
		F9E184591901362E00BEC2AC /* Project object */ = {
			isa = PBXProject;
			attributes = {
				CLASSPREFIX = HS;
				LastUpgradeCheck = 0510;
				ORGANIZATIONNAME = "Julien Tran";
				TargetAttributes = {
					F9E184811901362E00BEC2AC = {
						TestTargetID = F9E184601901362E00BEC2AC;
					};
				};
			};
			buildConfigurationList = F9E1845C1901362E00BEC2AC /* Build configuration list for PBXProject "HSDeckManager" */;
			compatibilityVersion = "Xcode 3.2";
			developmentRegion = English;
			hasScannedForEncodings = 0;
			knownRegions = (
				en,
				Base,
			);
			mainGroup = F9E184581901362E00BEC2AC;
			productRefGroup = F9E184621901362E00BEC2AC /* Products */;
			projectDirPath = "";
			projectRoot = "";
			targets = (
				F9E184601901362E00BEC2AC /* HSDeckManager */,
				F9E184811901362E00BEC2AC /* HSDeckManagerTests */,
			);
		};
/* End PBXProject section */

/* Begin PBXResourcesBuildPhase section */
		F9E1845F1901362E00BEC2AC /* Resources */ = {
			isa = PBXResourcesBuildPhase;
			buildActionMask = 2147483647;
			files = (
				F9E184C01901521B00BEC2AC /* hero_banner_rogue.jpg in Resources */,
				F9376BEB1902CDA800FFE097 /* card_data.data in Resources */,
				F9E184BB1901521B00BEC2AC /* hero_banner_druid.jpg in Resources */,
				F9376C001902D08000FFE097 /* HSCardCell.xib in Resources */,
				F9E184C31901521B00BEC2AC /* hero_banner_warrior.jpg in Resources */,
				F9E184BC1901521B00BEC2AC /* hero_banner_hunter.jpg in Resources */,
				F9E184C11901521B00BEC2AC /* hero_banner_shaman.jpg in Resources */,
				F9E184BD1901521B00BEC2AC /* hero_banner_mage.jpg in Resources */,
				F9E184BE1901521B00BEC2AC /* hero_banner_paladin.jpg in Resources */,
				F9E184C71901521B00BEC2AC /* hero_avatar_priest.png in Resources */,
				F9E184BF1901521B00BEC2AC /* hero_banner_priest.jpg in Resources */,
				F9E1847D1901362E00BEC2AC /* Images.xcassets in Resources */,
				F9E184C51901521B00BEC2AC /* hero_avatar_hunter.png in Resources */,
				F9E184C61901521B00BEC2AC /* hero_avatar_mage.png in Resources */,
				F9E184781901362E00BEC2AC /* Main.storyboard in Resources */,
				F9E184C21901521B00BEC2AC /* hero_banner_warlock.jpg in Resources */,
				F9E184C41901521B00BEC2AC /* hero_avatar_druid.png in Resources */,
				F9376C031902D08000FFE097 /* HSDeckCell.xib in Resources */,
			);
			runOnlyForDeploymentPostprocessing = 0;
		};
		F9E184801901362E00BEC2AC /* Resources */ = {
			isa = PBXResourcesBuildPhase;
			buildActionMask = 2147483647;
			files = (
				F9E1848E1901362E00BEC2AC /* InfoPlist.strings in Resources */,
			);
			runOnlyForDeploymentPostprocessing = 0;
		};
/* End PBXResourcesBuildPhase section */

/* Begin PBXSourcesBuildPhase section */
		F9E1845D1901362E00BEC2AC /* Sources */ = {
			isa = PBXSourcesBuildPhase;
			buildActionMask = 2147483647;
			files = (
				F9376C071902D08000FFE097 /* HSHeroSelectionViewController.m in Sources */,
				F9E184711901362E00BEC2AC /* main.m in Sources */,
				F9376C0A1902D34100FFE097 /* HSCardSearchViewController.m in Sources */,
				F9376BE41902C68100FFE097 /* HSCard.m in Sources */,
				F9376BE11902C66000FFE097 /* HSCardInfo.m in Sources */,
				F9376C021902D08000FFE097 /* HSDeckCell.m in Sources */,
				F9E184EF1901574800BEC2AC /* HSDataCenter.m in Sources */,
				F9376C011902D08000FFE097 /* HSCardSelectionViewController.m in Sources */,
				F9376BFF1902D08000FFE097 /* HSCardCell.m in Sources */,
				F9376C041902D08000FFE097 /* HSDeckContentViewController.m in Sources */,
				F9376BCC1902C5A700FFE097 /* HSDeck.m in Sources */,
				F9E184A01901369400BEC2AC /* HSAppDelegate.m in Sources */,
				F9376C051902D08000FFE097 /* HSDeckListViewController.m in Sources */,
				F9E184E41901549600BEC2AC /* HSDeckManagerData.xcdatamodeld in Sources */,
				F9376C061902D08000FFE097 /* HSDeckStatsViewController.m in Sources */,
			);
			runOnlyForDeploymentPostprocessing = 0;
		};
		F9E1847E1901362E00BEC2AC /* Sources */ = {
			isa = PBXSourcesBuildPhase;
			buildActionMask = 2147483647;
			files = (
				F9E184901901362E00BEC2AC /* HSDeckManagerTests.m in Sources */,
			);
			runOnlyForDeploymentPostprocessing = 0;
		};
/* End PBXSourcesBuildPhase section */

/* Begin PBXTargetDependency section */
		F9E184881901362E00BEC2AC /* PBXTargetDependency */ = {
			isa = PBXTargetDependency;
			target = F9E184601901362E00BEC2AC /* HSDeckManager */;
			targetProxy = F9E184871901362E00BEC2AC /* PBXContainerItemProxy */;
		};
/* End PBXTargetDependency section */

/* Begin PBXVariantGroup section */
		F9E184761901362E00BEC2AC /* Main.storyboard */ = {
			isa = PBXVariantGroup;
			children = (
				F9E184771901362E00BEC2AC /* Base */,
			);
			name = Main.storyboard;
			sourceTree = "<group>";
		};
		F9E1848C1901362E00BEC2AC /* InfoPlist.strings */ = {
			isa = PBXVariantGroup;
			children = (
				F9E1848D1901362E00BEC2AC /* en */,
			);
			name = InfoPlist.strings;
			sourceTree = "<group>";
		};
/* End PBXVariantGroup section */

/* Begin XCBuildConfiguration section */
		F9E184911901362E00BEC2AC /* Debug */ = {
			isa = XCBuildConfiguration;
			buildSettings = {
				ALWAYS_SEARCH_USER_PATHS = NO;
				CLANG_CXX_LANGUAGE_STANDARD = "gnu++0x";
				CLANG_CXX_LIBRARY = "libc++";
				CLANG_ENABLE_MODULES = YES;
				CLANG_ENABLE_OBJC_ARC = YES;
				CLANG_WARN_BOOL_CONVERSION = YES;
				CLANG_WARN_CONSTANT_CONVERSION = YES;
				CLANG_WARN_DIRECT_OBJC_ISA_USAGE = YES_ERROR;
				CLANG_WARN_EMPTY_BODY = YES;
				CLANG_WARN_ENUM_CONVERSION = YES;
				CLANG_WARN_INT_CONVERSION = YES;
				CLANG_WARN_OBJC_ROOT_CLASS = YES_ERROR;
				CLANG_WARN__DUPLICATE_METHOD_MATCH = YES;
				"CODE_SIGN_IDENTITY[sdk=iphoneos*]" = "iPhone Developer";
				COPY_PHASE_STRIP = NO;
				GCC_C_LANGUAGE_STANDARD = gnu99;
				GCC_DYNAMIC_NO_PIC = NO;
				GCC_OPTIMIZATION_LEVEL = 0;
				GCC_PREPROCESSOR_DEFINITIONS = (
					"DEBUG=1",
					"$(inherited)",
				);
				GCC_SYMBOLS_PRIVATE_EXTERN = NO;
				GCC_WARN_64_TO_32_BIT_CONVERSION = YES;
				GCC_WARN_ABOUT_RETURN_TYPE = YES_ERROR;
				GCC_WARN_UNDECLARED_SELECTOR = YES;
				GCC_WARN_UNINITIALIZED_AUTOS = YES_AGGRESSIVE;
				GCC_WARN_UNUSED_FUNCTION = YES;
				GCC_WARN_UNUSED_VARIABLE = YES;
				IPHONEOS_DEPLOYMENT_TARGET = 6.0;
				ONLY_ACTIVE_ARCH = YES;
				SDKROOT = iphoneos;
			};
			name = Debug;
		};
		F9E184921901362E00BEC2AC /* Release */ = {
			isa = XCBuildConfiguration;
			buildSettings = {
				ALWAYS_SEARCH_USER_PATHS = NO;
				CLANG_CXX_LANGUAGE_STANDARD = "gnu++0x";
				CLANG_CXX_LIBRARY = "libc++";
				CLANG_ENABLE_MODULES = YES;
				CLANG_ENABLE_OBJC_ARC = YES;
				CLANG_WARN_BOOL_CONVERSION = YES;
				CLANG_WARN_CONSTANT_CONVERSION = YES;
				CLANG_WARN_DIRECT_OBJC_ISA_USAGE = YES_ERROR;
				CLANG_WARN_EMPTY_BODY = YES;
				CLANG_WARN_ENUM_CONVERSION = YES;
				CLANG_WARN_INT_CONVERSION = YES;
				CLANG_WARN_OBJC_ROOT_CLASS = YES_ERROR;
				CLANG_WARN__DUPLICATE_METHOD_MATCH = YES;
				"CODE_SIGN_IDENTITY[sdk=iphoneos*]" = "iPhone Developer";
				COPY_PHASE_STRIP = YES;
				ENABLE_NS_ASSERTIONS = NO;
				GCC_C_LANGUAGE_STANDARD = gnu99;
				GCC_WARN_64_TO_32_BIT_CONVERSION = YES;
				GCC_WARN_ABOUT_RETURN_TYPE = YES_ERROR;
				GCC_WARN_UNDECLARED_SELECTOR = YES;
				GCC_WARN_UNINITIALIZED_AUTOS = YES_AGGRESSIVE;
				GCC_WARN_UNUSED_FUNCTION = YES;
				GCC_WARN_UNUSED_VARIABLE = YES;
				IPHONEOS_DEPLOYMENT_TARGET = 6.0;
				SDKROOT = iphoneos;
				VALIDATE_PRODUCT = YES;
			};
			name = Release;
		};
		F9E184941901362E00BEC2AC /* Debug */ = {
			isa = XCBuildConfiguration;
			buildSettings = {
				ASSETCATALOG_COMPILER_APPICON_NAME = AppIcon;
				ASSETCATALOG_COMPILER_LAUNCHIMAGE_NAME = LaunchImage;
				GCC_PRECOMPILE_PREFIX_HEADER = YES;
				GCC_PREFIX_HEADER = "HSDeckManager/HSDeckManager-Prefix.pch";
				INFOPLIST_FILE = "HSDeckManager/HSDeckManager-Info.plist";
				PRODUCT_NAME = "$(TARGET_NAME)";
				WRAPPER_EXTENSION = app;
			};
			name = Debug;
		};
		F9E184951901362E00BEC2AC /* Release */ = {
			isa = XCBuildConfiguration;
			buildSettings = {
				ASSETCATALOG_COMPILER_APPICON_NAME = AppIcon;
				ASSETCATALOG_COMPILER_LAUNCHIMAGE_NAME = LaunchImage;
				GCC_PRECOMPILE_PREFIX_HEADER = YES;
				GCC_PREFIX_HEADER = "HSDeckManager/HSDeckManager-Prefix.pch";
				INFOPLIST_FILE = "HSDeckManager/HSDeckManager-Info.plist";
				PRODUCT_NAME = "$(TARGET_NAME)";
				WRAPPER_EXTENSION = app;
			};
			name = Release;
		};
		F9E184971901362F00BEC2AC /* Debug */ = {
			isa = XCBuildConfiguration;
			buildSettings = {
				BUNDLE_LOADER = "$(BUILT_PRODUCTS_DIR)/HSDeckManager.app/HSDeckManager";
				FRAMEWORK_SEARCH_PATHS = (
					"$(SDKROOT)/Developer/Library/Frameworks",
					"$(inherited)",
					"$(DEVELOPER_FRAMEWORKS_DIR)",
				);
				GCC_PRECOMPILE_PREFIX_HEADER = YES;
				GCC_PREFIX_HEADER = "HSDeckManager/HSDeckManager-Prefix.pch";
				GCC_PREPROCESSOR_DEFINITIONS = (
					"DEBUG=1",
					"$(inherited)",
				);
				INFOPLIST_FILE = "HSDeckManagerTests/HSDeckManagerTests-Info.plist";
				PRODUCT_NAME = "$(TARGET_NAME)";
				TEST_HOST = "$(BUNDLE_LOADER)";
				WRAPPER_EXTENSION = xctest;
			};
			name = Debug;
		};
		F9E184981901362F00BEC2AC /* Release */ = {
			isa = XCBuildConfiguration;
			buildSettings = {
				BUNDLE_LOADER = "$(BUILT_PRODUCTS_DIR)/HSDeckManager.app/HSDeckManager";
				FRAMEWORK_SEARCH_PATHS = (
					"$(SDKROOT)/Developer/Library/Frameworks",
					"$(inherited)",
					"$(DEVELOPER_FRAMEWORKS_DIR)",
				);
				GCC_PRECOMPILE_PREFIX_HEADER = YES;
				GCC_PREFIX_HEADER = "HSDeckManager/HSDeckManager-Prefix.pch";
				INFOPLIST_FILE = "HSDeckManagerTests/HSDeckManagerTests-Info.plist";
				PRODUCT_NAME = "$(TARGET_NAME)";
				TEST_HOST = "$(BUNDLE_LOADER)";
				WRAPPER_EXTENSION = xctest;
			};
			name = Release;
		};
/* End XCBuildConfiguration section */

/* Begin XCConfigurationList section */
		F9E1845C1901362E00BEC2AC /* Build configuration list for PBXProject "HSDeckManager" */ = {
			isa = XCConfigurationList;
			buildConfigurations = (
				F9E184911901362E00BEC2AC /* Debug */,
				F9E184921901362E00BEC2AC /* Release */,
			);
			defaultConfigurationIsVisible = 0;
			defaultConfigurationName = Release;
		};
		F9E184931901362E00BEC2AC /* Build configuration list for PBXNativeTarget "HSDeckManager" */ = {
			isa = XCConfigurationList;
			buildConfigurations = (
				F9E184941901362E00BEC2AC /* Debug */,
				F9E184951901362E00BEC2AC /* Release */,
			);
			defaultConfigurationIsVisible = 0;
			defaultConfigurationName = Release;
		};
		F9E184961901362F00BEC2AC /* Build configuration list for PBXNativeTarget "HSDeckManagerTests" */ = {
			isa = XCConfigurationList;
			buildConfigurations = (
				F9E184971901362F00BEC2AC /* Debug */,
				F9E184981901362F00BEC2AC /* Release */,
			);
			defaultConfigurationIsVisible = 0;
			defaultConfigurationName = Release;
		};
/* End XCConfigurationList section */

/* Begin XCVersionGroup section */
		F9E184E21901549600BEC2AC /* HSDeckManagerData.xcdatamodeld */ = {
			isa = XCVersionGroup;
			children = (
				F9E184E31901549600BEC2AC /* HSDeckManagerData.xcdatamodel */,
			);
			currentVersion = F9E184E31901549600BEC2AC /* HSDeckManagerData.xcdatamodel */;
			path = HSDeckManagerData.xcdatamodeld;
			sourceTree = "<group>";
			versionGroupType = wrapper.xcdatamodel;
		};
/* End XCVersionGroup section */
	};
	rootObject = F9E184591901362E00BEC2AC /* Project object */;
}
